
Microsoft Visual Studio Solution File, Format Version 12.00
# Visual Studio Version 17
VisualStudioVersion = 17.11.35222.181
MinimumVisualStudioVersion = 10.0.40219.1
Project("{FAE04EC0-301F-11D3-BF4B-00C04F79EFBC}") = "serverproject", "serverproject\serverproject.csproj", "{87E8B243-D6BD-4127-87D0-04217C8106C6}"
EndProject
Project("{FAE04EC0-301F-11D3-BF4B-00C04F79EFBC}") = "modelDB", "modeldb\modelDB.csproj", "{B300F947-C26D-4325-88F8-F27FB5046108}"
EndProject
Global
	GlobalSection(SolutionConfigurationPlatforms) = preSolution
		Debug|Any CPU = Debug|Any CPU
		Release|Any CPU = Release|Any CPU
	EndGlobalSection
	GlobalSection(ProjectConfigurationPlatforms) = postSolution
		{87E8B243-D6BD-4127-87D0-04217C8106C6}.Debug|Any CPU.ActiveCfg = Debug|Any CPU
		{87E8B243-D6BD-4127-87D0-04217C8106C6}.Debug|Any CPU.Build.0 = Debug|Any CPU
		{87E8B243-D6BD-4127-87D0-04217C8106C6}.Release|Any CPU.ActiveCfg = Release|Any CPU
		{87E8B243-D6BD-4127-87D0-04217C8106C6}.Release|Any CPU.Build.0 = Release|Any CPU
		{B300F947-C26D-4325-88F8-F27FB5046108}.Debug|Any CPU.ActiveCfg = Debug|Any CPU
		{B300F947-C26D-4325-88F8-F27FB5046108}.Debug|Any CPU.Build.0 = Debug|Any CPU
		{B300F947-C26D-4325-88F8-F27FB5046108}.Release|Any CPU.ActiveCfg = Release|Any CPU
		{B300F947-C26D-4325-88F8-F27FB5046108}.Release|Any CPU.Build.0 = Release|Any CPU
	EndGlobalSection
	GlobalSection(SolutionProperties) = preSolution
		HideSolutionNode = FALSE
	EndGlobalSection
	GlobalSection(ExtensibilityGlobals) = postSolution
		SolutionGuid = {7CD946AA-A843-4D7A-80A6-78E188CB6632}
	EndGlobalSection
EndGlobal
